// !$*UTF8*$!
{
	archiveVersion = 1;
	classes = {
	};
	objectVersion = 46;
	objects = {

/* Begin PBXBuildFile section */
		A26DC77C1B202A7F00E66FF0 /* main.m in Sources */ = {isa = PBXBuildFile; fileRef = A26DC77B1B202A7F00E66FF0 /* main.m */; };
		A26DC77F1B202A7F00E66FF0 /* AppDelegate.m in Sources */ = {isa = PBXBuildFile; fileRef = A26DC77E1B202A7F00E66FF0 /* AppDelegate.m */; };
		A26DC7821B202A7F00E66FF0 /* ViewController.m in Sources */ = {isa = PBXBuildFile; fileRef = A26DC7811B202A7F00E66FF0 /* ViewController.m */; };
		A26DC7851B202A7F00E66FF0 /* Main.storyboard in Resources */ = {isa = PBXBuildFile; fileRef = A26DC7831B202A7F00E66FF0 /* Main.storyboard */; };
		A26DC7871B202A7F00E66FF0 /* Images.xcassets in Resources */ = {isa = PBXBuildFile; fileRef = A26DC7861B202A7F00E66FF0 /* Images.xcassets */; };
		A26DC78A1B202A7F00E66FF0 /* LaunchScreen.xib in Resources */ = {isa = PBXBuildFile; fileRef = A26DC7881B202A7F00E66FF0 /* LaunchScreen.xib */; };
		A26DC7961B202A7F00E66FF0 /* DCContactTests.m in Sources */ = {isa = PBXBuildFile; fileRef = A26DC7951B202A7F00E66FF0 /* DCContactTests.m */; };
		A26DC7A11B202AA200E66FF0 /* DCContact.m in Sources */ = {isa = PBXBuildFile; fileRef = A26DC7A01B202AA200E66FF0 /* DCContact.m */; };
		A26DC7A41B202CA200E66FF0 /* DCContactGroup.m in Sources */ = {isa = PBXBuildFile; fileRef = A26DC7A31B202CA200E66FF0 /* DCContactGroup.m */; };
		A28725061B2185500012002A /* DCContactTableViewController.m in Sources */ = {isa = PBXBuildFile; fileRef = A28725051B2185500012002A /* DCContactTableViewController.m */; };
		A287250B1B21A2920012002A /* DCContactTableViewControllerWithUISearchDisplayController.m in Sources */ = {isa = PBXBuildFile; fileRef = A287250A1B21A2920012002A /* DCContactTableViewControllerWithUISearchDisplayController.m */; };
/* End PBXBuildFile section */

/* Begin PBXContainerItemProxy section */
		A26DC7901B202A7F00E66FF0 /* PBXContainerItemProxy */ = {
			isa = PBXContainerItemProxy;
			containerPortal = A26DC76E1B202A7F00E66FF0 /* Project object */;
			proxyType = 1;
			remoteGlobalIDString = A26DC7751B202A7F00E66FF0;
			remoteInfo = DCContact;
		};
/* End PBXContainerItemProxy section */

/* Begin PBXFileReference section */
		A26DC7761B202A7F00E66FF0 /* DCContact.app */ = {isa = PBXFileReference; explicitFileType = wrapper.application; includeInIndex = 0; path = DCContact.app; sourceTree = BUILT_PRODUCTS_DIR; };
		A26DC77A1B202A7F00E66FF0 /* Info.plist */ = {isa = PBXFileReference; lastKnownFileType = text.plist.xml; path = Info.plist; sourceTree = "<group>"; };
		A26DC77B1B202A7F00E66FF0 /* main.m */ = {isa = PBXFileReference; lastKnownFileType = sourcecode.c.objc; path = main.m; sourceTree = "<group>"; };
		A26DC77D1B202A7F00E66FF0 /* AppDelegate.h */ = {isa = PBXFileReference; lastKnownFileType = sourcecode.c.h; path = AppDelegate.h; sourceTree = "<group>"; };
		A26DC77E1B202A7F00E66FF0 /* AppDelegate.m */ = {isa = PBXFileReference; lastKnownFileType = sourcecode.c.objc; path = AppDelegate.m; sourceTree = "<group>"; };
		A26DC7801B202A7F00E66FF0 /* ViewController.h */ = {isa = PBXFileReference; lastKnownFileType = sourcecode.c.h; path = ViewController.h; sourceTree = "<group>"; };
		A26DC7811B202A7F00E66FF0 /* ViewController.m */ = {isa = PBXFileReference; lastKnownFileType = sourcecode.c.objc; path = ViewController.m; sourceTree = "<group>"; };
		A26DC7841B202A7F00E66FF0 /* Base */ = {isa = PBXFileReference; lastKnownFileType = file.storyboard; name = Base; path = Base.lproj/Main.storyboard; sourceTree = "<group>"; };
		A26DC7861B202A7F00E66FF0 /* Images.xcassets */ = {isa = PBXFileReference; lastKnownFileType = folder.assetcatalog; path = Images.xcassets; sourceTree = "<group>"; };
		A26DC7891B202A7F00E66FF0 /* Base */ = {isa = PBXFileReference; lastKnownFileType = file.xib; name = Base; path = Base.lproj/LaunchScreen.xib; sourceTree = "<group>"; };
		A26DC78F1B202A7F00E66FF0 /* DCContactTests.xctest */ = {isa = PBXFileReference; explicitFileType = wrapper.cfbundle; includeInIndex = 0; path = DCContactTests.xctest; sourceTree = BUILT_PRODUCTS_DIR; };
		A26DC7941B202A7F00E66FF0 /* Info.plist */ = {isa = PBXFileReference; lastKnownFileType = text.plist.xml; path = Info.plist; sourceTree = "<group>"; };
		A26DC7951B202A7F00E66FF0 /* DCContactTests.m */ = {isa = PBXFileReference; lastKnownFileType = sourcecode.c.objc; path = DCContactTests.m; sourceTree = "<group>"; };
		A26DC79F1B202AA200E66FF0 /* DCContact.h */ = {isa = PBXFileReference; fileEncoding = 4; lastKnownFileType = sourcecode.c.h; path = DCContact.h; sourceTree = "<group>"; };
		A26DC7A01B202AA200E66FF0 /* DCContact.m */ = {isa = PBXFileReference; fileEncoding = 4; lastKnownFileType = sourcecode.c.objc; path = DCContact.m; sourceTree = "<group>"; };
		A26DC7A21B202CA200E66FF0 /* DCContactGroup.h */ = {isa = PBXFileReference; fileEncoding = 4; lastKnownFileType = sourcecode.c.h; path = DCContactGroup.h; sourceTree = "<group>"; };
		A26DC7A31B202CA200E66FF0 /* DCContactGroup.m */ = {isa = PBXFileReference; fileEncoding = 4; lastKnownFileType = sourcecode.c.objc; path = DCContactGroup.m; sourceTree = "<group>"; };
		A28725041B2185500012002A /* DCContactTableViewController.h */ = {isa = PBXFileReference; fileEncoding = 4; lastKnownFileType = sourcecode.c.h; path = DCContactTableViewController.h; sourceTree = "<group>"; };
		A28725051B2185500012002A /* DCContactTableViewController.m */ = {isa = PBXFileReference; fileEncoding = 4; lastKnownFileType = sourcecode.c.objc; path = DCContactTableViewController.m; sourceTree = "<group>"; };
		A28725091B21A2920012002A /* DCContactTableViewControllerWithUISearchDisplayController.h */ = {isa = PBXFileReference; fileEncoding = 4; lastKnownFileType = sourcecode.c.h; path = DCContactTableViewControllerWithUISearchDisplayController.h; sourceTree = "<group>"; };
		A287250A1B21A2920012002A /* DCContactTableViewControllerWithUISearchDisplayController.m */ = {isa = PBXFileReference; fileEncoding = 4; lastKnownFileType = sourcecode.c.objc; path = DCContactTableViewControllerWithUISearchDisplayController.m; sourceTree = "<group>"; };
/* End PBXFileReference section */

/* Begin PBXFrameworksBuildPhase section */
		A26DC7731B202A7F00E66FF0 /* Frameworks */ = {
			isa = PBXFrameworksBuildPhase;
			buildActionMask = 2147483647;
			files = (
			);
			runOnlyForDeploymentPostprocessing = 0;
		};
		A26DC78C1B202A7F00E66FF0 /* Frameworks */ = {
			isa = PBXFrameworksBuildPhase;
			buildActionMask = 2147483647;
			files = (
			);
			runOnlyForDeploymentPostprocessing = 0;
		};
/* End PBXFrameworksBuildPhase section */

/* Begin PBXGroup section */
		A26DC76D1B202A7F00E66FF0 = {
			isa = PBXGroup;
			children = (
				A26DC7781B202A7F00E66FF0 /* DCContact */,
				A26DC7921B202A7F00E66FF0 /* DCContactTests */,
				A26DC7771B202A7F00E66FF0 /* Products */,
			);
			sourceTree = "<group>";
		};
		A26DC7771B202A7F00E66FF0 /* Products */ = {
			isa = PBXGroup;
			children = (
				A26DC7761B202A7F00E66FF0 /* DCContact.app */,
				A26DC78F1B202A7F00E66FF0 /* DCContactTests.xctest */,
			);
			name = Products;
			sourceTree = "<group>";
		};
		A26DC7781B202A7F00E66FF0 /* DCContact */ = {
			isa = PBXGroup;
			children = (
				A28725081B21856C0012002A /* model */,
				A28725071B21855F0012002A /* viewController */,
				A26DC77D1B202A7F00E66FF0 /* AppDelegate.h */,
				A26DC77E1B202A7F00E66FF0 /* AppDelegate.m */,
				A26DC7831B202A7F00E66FF0 /* Main.storyboard */,
				A26DC7861B202A7F00E66FF0 /* Images.xcassets */,
				A26DC7881B202A7F00E66FF0 /* LaunchScreen.xib */,
				A26DC7791B202A7F00E66FF0 /* Supporting Files */,
			);
			path = DCContact;
			sourceTree = "<group>";
		};
		A26DC7791B202A7F00E66FF0 /* Supporting Files */ = {
			isa = PBXGroup;
			children = (
				A26DC77A1B202A7F00E66FF0 /* Info.plist */,
				A26DC77B1B202A7F00E66FF0 /* main.m */,
			);
			name = "Supporting Files";
			sourceTree = "<group>";
		};
		A26DC7921B202A7F00E66FF0 /* DCContactTests */ = {
			isa = PBXGroup;
			children = (
				A26DC7951B202A7F00E66FF0 /* DCContactTests.m */,
				A26DC7931B202A7F00E66FF0 /* Supporting Files */,
			);
			path = DCContactTests;
			sourceTree = "<group>";
		};
		A26DC7931B202A7F00E66FF0 /* Supporting Files */ = {
			isa = PBXGroup;
			children = (
				A26DC7941B202A7F00E66FF0 /* Info.plist */,
			);
			name = "Supporting Files";
			sourceTree = "<group>";
		};
		A28725071B21855F0012002A /* viewController */ = {
			isa = PBXGroup;
			children = (
				A28725041B2185500012002A /* DCContactTableViewController.h */,
				A28725051B2185500012002A /* DCContactTableViewController.m */,
				A26DC7801B202A7F00E66FF0 /* ViewController.h */,
				A26DC7811B202A7F00E66FF0 /* ViewController.m */,
				A28725091B21A2920012002A /* DCContactTableViewControllerWithUISearchDisplayController.h */,
				A287250A1B21A2920012002A /* DCContactTableViewControllerWithUISearchDisplayController.m */,
			);
			name = viewController;
			sourceTree = "<group>";
		};
		A28725081B21856C0012002A /* model */ = {
			isa = PBXGroup;
			children = (
				A26DC79F1B202AA200E66FF0 /* DCContact.h */,
				A26DC7A01B202AA200E66FF0 /* DCContact.m */,
				A26DC7A21B202CA200E66FF0 /* DCContactGroup.h */,
				A26DC7A31B202CA200E66FF0 /* DCContactGroup.m */,
			);
			name = model;
			sourceTree = "<group>";
		};
/* End PBXGroup section */

/* Begin PBXNativeTarget section */
		A26DC7751B202A7F00E66FF0 /* DCContact */ = {
			isa = PBXNativeTarget;
			buildConfigurationList = A26DC7991B202A7F00E66FF0 /* Build configuration list for PBXNativeTarget "DCContact" */;
			buildPhases = (
				A26DC7721B202A7F00E66FF0 /* Sources */,
				A26DC7731B202A7F00E66FF0 /* Frameworks */,
				A26DC7741B202A7F00E66FF0 /* Resources */,
			);
			buildRules = (
			);
			dependencies = (
			);
			name = DCContact;
			productName = DCContact;
			productReference = A26DC7761B202A7F00E66FF0 /* DCContact.app */;
			productType = "com.apple.product-type.application";
		};
		A26DC78E1B202A7F00E66FF0 /* DCContactTests */ = {
			isa = PBXNativeTarget;
			buildConfigurationList = A26DC79C1B202A7F00E66FF0 /* Build configuration list for PBXNativeTarget "DCContactTests" */;
			buildPhases = (
				A26DC78B1B202A7F00E66FF0 /* Sources */,
				A26DC78C1B202A7F00E66FF0 /* Frameworks */,
				A26DC78D1B202A7F00E66FF0 /* Resources */,
			);
			buildRules = (
			);
			dependencies = (
				A26DC7911B202A7F00E66FF0 /* PBXTargetDependency */,
			);
			name = DCContactTests;
			productName = DCContactTests;
			productReference = A26DC78F1B202A7F00E66FF0 /* DCContactTests.xctest */;
			productType = "com.apple.product-type.bundle.unit-test";
		};
/* End PBXNativeTarget section */

/* Begin PBXProject section */
		A26DC76E1B202A7F00E66FF0 /* Project object */ = {
			isa = PBXProject;
			attributes = {
				LastUpgradeCheck = 0630;
				ORGANIZATIONNAME = bokeadmin;
				TargetAttributes = {
					A26DC7751B202A7F00E66FF0 = {
						CreatedOnToolsVersion = 6.3.2;
					};
					A26DC78E1B202A7F00E66FF0 = {
						CreatedOnToolsVersion = 6.3.2;
						TestTargetID = A26DC7751B202A7F00E66FF0;
					};
				};
			};
			buildConfigurationList = A26DC7711B202A7F00E66FF0 /* Build configuration list for PBXProject "DCContact" */;
			compatibilityVersion = "Xcode 3.2";
			developmentRegion = English;
			hasScannedForEncodings = 0;
			knownRegions = (
				en,
				Base,
			);
			mainGroup = A26DC76D1B202A7F00E66FF0;
			productRefGroup = A26DC7771B202A7F00E66FF0 /* Products */;
			projectDirPath = "";
			projectRoot = "";
			targets = (
				A26DC7751B202A7F00E66FF0 /* DCContact */,
				A26DC78E1B202A7F00E66FF0 /* DCContactTests */,
			);
		};
/* End PBXProject section */

/* Begin PBXResourcesBuildPhase section */
		A26DC7741B202A7F00E66FF0 /* Resources */ = {
			isa = PBXResourcesBuildPhase;
			buildActionMask = 2147483647;
			files = (
				A26DC7851B202A7F00E66FF0 /* Main.storyboard in Resources */,
				A26DC78A1B202A7F00E66FF0 /* LaunchScreen.xib in Resources */,
				A26DC7871B202A7F00E66FF0 /* Images.xcassets in Resources */,
			);
			runOnlyForDeploymentPostprocessing = 0;
		};
		A26DC78D1B202A7F00E66FF0 /* Resources */ = {
			isa = PBXResourcesBuildPhase;
			buildActionMask = 2147483647;
			files = (
			);
			runOnlyForDeploymentPostprocessing = 0;
		};
/* End PBXResourcesBuildPhase section */

/* Begin PBXSourcesBuildPhase section */
		A26DC7721B202A7F00E66FF0 /* Sources */ = {
			isa = PBXSourcesBuildPhase;
			buildActionMask = 2147483647;
			files = (
				A287250B1B21A2920012002A /* DCContactTableViewControllerWithUISearchDisplayController.m in Sources */,
				A26DC7821B202A7F00E66FF0 /* ViewController.m in Sources */,
				A28725061B2185500012002A /* DCContactTableViewController.m in Sources */,
				A26DC7A11B202AA200E66FF0 /* DCContact.m in Sources */,
				A26DC77F1B202A7F00E66FF0 /* AppDelegate.m in Sources */,
				A26DC77C1B202A7F00E66FF0 /* main.m in Sources */,
				A26DC7A41B202CA200E66FF0 /* DCContactGroup.m in Sources */,
			);
			runOnlyForDeploymentPostprocessing = 0;
		};
		A26DC78B1B202A7F00E66FF0 /* Sources */ = {
			isa = PBXSourcesBuildPhase;
			buildActionMask = 2147483647;
			files = (
				A26DC7961B202A7F00E66FF0 /* DCContactTests.m in Sources */,
			);
			runOnlyForDeploymentPostprocessing = 0;
		};
/* End PBXSourcesBuildPhase section */

/* Begin PBXTargetDependency section */
		A26DC7911B202A7F00E66FF0 /* PBXTargetDependency */ = {
			isa = PBXTargetDependency;
			target = A26DC7751B202A7F00E66FF0 /* DCContact */;
			targetProxy = A26DC7901B202A7F00E66FF0 /* PBXContainerItemProxy */;
		};
/* End PBXTargetDependency section */

/* Begin PBXVariantGroup section */
		A26DC7831B202A7F00E66FF0 /* Main.storyboard */ = {
			isa = PBXVariantGroup;
			children = (
				A26DC7841B202A7F00E66FF0 /* Base */,
			);
			name = Main.storyboard;
			sourceTree = "<group>";
		};
		A26DC7881B202A7F00E66FF0 /* LaunchScreen.xib */ = {
			isa = PBXVariantGroup;
			children = (
				A26DC7891B202A7F00E66FF0 /* Base */,
			);
			name = LaunchScreen.xib;
			sourceTree = "<group>";
		};
/* End PBXVariantGroup section */

/* Begin XCBuildConfiguration section */
		A26DC7971B202A7F00E66FF0 /* Debug */ = {
			isa = XCBuildConfiguration;
			buildSettings = {
				ALWAYS_SEARCH_USER_PATHS = NO;
				CLANG_CXX_LANGUAGE_STANDARD = "gnu++0x";
				CLANG_CXX_LIBRARY = "libc++";
				CLANG_ENABLE_MODULES = YES;
				CLANG_ENABLE_OBJC_ARC = YES;
				CLANG_WARN_BOOL_CONVERSION = YES;
				CLANG_WARN_CONSTANT_CONVERSION = YES;
				CLANG_WARN_DIRECT_OBJC_ISA_USAGE = YES_ERROR;
				CLANG_WARN_EMPTY_BODY = YES;
				CLANG_WARN_ENUM_CONVERSION = YES;
				CLANG_WARN_INT_CONVERSION = YES;
				CLANG_WARN_OBJC_ROOT_CLASS = YES_ERROR;
				CLANG_WARN_UNREACHABLE_CODE = YES;
				CLANG_WARN__DUPLICATE_METHOD_MATCH = YES;
				"CODE_SIGN_IDENTITY[sdk=iphoneos*]" = "iPhone Developer";
				COPY_PHASE_STRIP = NO;
				DEBUG_INFORMATION_FORMAT = "dwarf-with-dsym";
				ENABLE_STRICT_OBJC_MSGSEND = YES;
				GCC_C_LANGUAGE_STANDARD = gnu99;
				GCC_DYNAMIC_NO_PIC = NO;
				GCC_NO_COMMON_BLOCKS = YES;
				GCC_OPTIMIZATION_LEVEL = 0;
				GCC_PREPROCESSOR_DEFINITIONS = (
					"DEBUG=1",
					"$(inherited)",
				);
				GCC_SYMBOLS_PRIVATE_EXTERN = NO;
				GCC_WARN_64_TO_32_BIT_CONVERSION = YES;
				GCC_WARN_ABOUT_RETURN_TYPE = YES_ERROR;
				GCC_WARN_UNDECLARED_SELECTOR = YES;
				GCC_WARN_UNINITIALIZED_AUTOS = YES_AGGRESSIVE;
				GCC_WARN_UNUSED_FUNCTION = YES;
				GCC_WARN_UNUSED_VARIABLE = YES;
				IPHONEOS_DEPLOYMENT_TARGET = 8.3;
				MTL_ENABLE_DEBUG_INFO = YES;
				ONLY_ACTIVE_ARCH = YES;
				SDKROOT = iphoneos;
			};
			name = Debug;
		};
		A26DC7981B202A7F00E66FF0 /* Release */ = {
			isa = XCBuildConfiguration;
			buildSettings = {
				ALWAYS_SEARCH_USER_PATHS = NO;
				CLANG_CXX_LANGUAGE_STANDARD = "gnu++0x";
				CLANG_CXX_LIBRARY = "libc++";
				CLANG_ENABLE_MODULES = YES;
				CLANG_ENABLE_OBJC_ARC = YES;
				CLANG_WARN_BOOL_CONVERSION = YES;
				CLANG_WARN_CONSTANT_CONVERSION = YES;
				CLANG_WARN_DIRECT_OBJC_ISA_USAGE = YES_ERROR;
				CLANG_WARN_EMPTY_BODY = YES;
				CLANG_WARN_ENUM_CONVERSION = YES;
				CLANG_WARN_INT_CONVERSION = YES;
				CLANG_WARN_OBJC_ROOT_CLASS = YES_ERROR;
				CLANG_WARN_UNREACHABLE_CODE = YES;
				CLANG_WARN__DUPLICATE_METHOD_MATCH = YES;
				"CODE_SIGN_IDENTITY[sdk=iphoneos*]" = "iPhone Developer";
				COPY_PHASE_STRIP = NO;
				DEBUG_INFORMATION_FORMAT = "dwarf-with-dsym";
				ENABLE_NS_ASSERTIONS = NO;
				ENABLE_STRICT_OBJC_MSGSEND = YES;
				GCC_C_LANGUAGE_STANDARD = gnu99;
				GCC_NO_COMMON_BLOCKS = YES;
				GCC_WARN_64_TO_32_BIT_CONVERSION = YES;
				GCC_WARN_ABOUT_RETURN_TYPE = YES_ERROR;
				GCC_WARN_UNDECLARED_SELECTOR = YES;
				GCC_WARN_UNINITIALIZED_AUTOS = YES_AGGRESSIVE;
				GCC_WARN_UNUSED_FUNCTION = YES;
				GCC_WARN_UNUSED_VARIABLE = YES;
				IPHONEOS_DEPLOYMENT_TARGET = 8.3;
				MTL_ENABLE_DEBUG_INFO = NO;
				SDKROOT = iphoneos;
				VALIDATE_PRODUCT = YES;
			};
			name = Release;
		};
		A26DC79A1B202A7F00E66FF0 /* Debug */ = {
			isa = XCBuildConfiguration;
			buildSettings = {
				ASSETCATALOG_COMPILER_APPICON_NAME = AppIcon;
				INFOPLIST_FILE = DCContact/Info.plist;
				LD_RUNPATH_SEARCH_PATHS = "$(inherited) @executable_path/Frameworks";
				PRODUCT_NAME = "$(TARGET_NAME)";
			};
			name = Debug;
		};
		A26DC79B1B202A7F00E66FF0 /* Release */ = {
			isa = XCBuildConfiguration;
			buildSettings = {
				ASSETCATALOG_COMPILER_APPICON_NAME = AppIcon;
				INFOPLIST_FILE = DCContact/Info.plist;
				LD_RUNPATH_SEARCH_PATHS = "$(inherited) @executable_path/Frameworks";
				PRODUCT_NAME = "$(TARGET_NAME)";
			};
			name = Release;
		};
		A26DC79D1B202A7F00E66FF0 /* Debug */ = {
			isa = XCBuildConfiguration;
			buildSettings = {
				BUNDLE_LOADER = "$(TEST_HOST)";
				FRAMEWORK_SEARCH_PATHS = (
					"$(SDKROOT)/Developer/Library/Frameworks",
					"$(inherited)",
				);
				GCC_PREPROCESSOR_DEFINITIONS = (
					"DEBUG=1",
					"$(inherited)",
				);
				INFOPLIST_FILE = DCContactTests/Info.plist;
				LD_RUNPATH_SEARCH_PATHS = "$(inherited) @executable_path/Frameworks @loader_path/Frameworks";
				PRODUCT_NAME = "$(TARGET_NAME)";
				TEST_HOST = "$(BUILT_PRODUCTS_DIR)/DCContact.app/DCContact";
			};
			name = Debug;
		};
		A26DC79E1B202A7F00E66FF0 /* Release */ = {
			isa = XCBuildConfiguration;
			buildSettings = {
				BUNDLE_LOADER = "$(TEST_HOST)";
				FRAMEWORK_SEARCH_PATHS = (
					"$(SDKROOT)/Developer/Library/Frameworks",
					"$(inherited)",
				);
				INFOPLIST_FILE = DCContactTests/Info.plist;
				LD_RUNPATH_SEARCH_PATHS = "$(inherited) @executable_path/Frameworks @loader_path/Frameworks";
				PRODUCT_NAME = "$(TARGET_NAME)";
				TEST_HOST = "$(BUILT_PRODUCTS_DIR)/DCContact.app/DCContact";
			};
			name = Release;
		};
/* End XCBuildConfiguration section */

/* Begin XCConfigurationList section */
		A26DC7711B202A7F00E66FF0 /* Build configuration list for PBXProject "DCContact" */ = {
			isa = XCConfigurationList;
			buildConfigurations = (
				A26DC7971B202A7F00E66FF0 /* Debug */,
				A26DC7981B202A7F00E66FF0 /* Release */,
			);
			defaultConfigurationIsVisible = 0;
			defaultConfigurationName = Release;
		};
		A26DC7991B202A7F00E66FF0 /* Build configuration list for PBXNativeTarget "DCContact" */ = {
			isa = XCConfigurationList;
			buildConfigurations = (
				A26DC79A1B202A7F00E66FF0 /* Debug */,
				A26DC79B1B202A7F00E66FF0 /* Release */,
			);
			defaultConfigurationIsVisible = 0;
			defaultConfigurationName = Release;
		};
		A26DC79C1B202A7F00E66FF0 /* Build configuration list for PBXNativeTarget "DCContactTests" */ = {
			isa = XCConfigurationList;
			buildConfigurations = (
				A26DC79D1B202A7F00E66FF0 /* Debug */,
				A26DC79E1B202A7F00E66FF0 /* Release */,
			);
			defaultConfigurationIsVisible = 0;
			defaultConfigurationName = Release;
		};
/* End XCConfigurationList section */
	};
	rootObject = A26DC76E1B202A7F00E66FF0 /* Project object */;
}
